
Microsoft Visual Studio Solution File, Format Version 12.00
# Visual Studio Version 17
VisualStudioVersion = 17.8.34309.116
MinimumVisualStudioVersion = 10.0.40219.1
Project("{888888A0-9F3D-457C-B088-3A5042F75D52}") = "PythonApplication", "PythonApplication.pyproj", "{F94952E0-05EC-42FA-9FB1-DFD0AAECBD1B}"
EndProject
Project("{2150E333-8FDC-42A3-9474-1A3956D46DE8}") = "Elementos de la solución", "Elementos de la solución", "{E295D6D1-9FDE-47E6-97EF-462AA8EC29A4}"
EndProject
Global
	GlobalSection(SolutionConfigurationPlatforms) = preSolution
		Debug|Any CPU = Debug|Any CPU
		Release|Any CPU = Release|Any CPU
	EndGlobalSection
	GlobalSection(ProjectConfigurationPlatforms) = postSolution
		{F94952E0-05EC-42FA-9FB1-DFD0AAECBD1B}.Debug|Any CPU.ActiveCfg = Debug|Any CPU
		{F94952E0-05EC-42FA-9FB1-DFD0AAECBD1B}.Release|Any CPU.ActiveCfg = Release|Any CPU
	EndGlobalSection
	GlobalSection(SolutionProperties) = preSolution
		HideSolutionNode = FALSE
	EndGlobalSection
	GlobalSection(ExtensibilityGlobals) = postSolution
		SolutionGuid = {E0CD61C2-C079-45F1-88B2-ABD1863F9FC7}
	EndGlobalSection
EndGlobal
